
Microsoft Visual Studio Solution File, Format Version 12.00
# Visual Studio Version 17
VisualStudioVersion = 17.13.35806.99 d17.13
MinimumVisualStudioVersion = 10.0.40219.1
Project("{FAE04EC0-301F-11D3-BF4B-00C04F79EFBC}") = "StocksManager.UI", "StocksManager.UI\StocksManager.UI.csproj", "{BB96EE46-7880-4FBA-AEDF-1AAE223DEAAD}"
EndProject
Project("{2150E333-8FDC-42A3-9474-1A3956D46DE8}") = "src", "src", "{02EA681E-C7D8-13C7-8484-4AC65E1B71E8}"
EndProject
Project("{2150E333-8FDC-42A3-9474-1A3956D46DE8}") = "tests", "tests", "{72F8F82B-EFC7-479A-981A-B2E065443FDC}"
EndProject
Project("{FAE04EC0-301F-11D3-BF4B-00C04F79EFBC}") = "StocksManager.Core", "StocksManager.Core\StocksManager.Core.csproj", "{76C894FB-0D3F-4A46-9BDA-F165658A56DE}"
EndProject
Project("{FAE04EC0-301F-11D3-BF4B-00C04F79EFBC}") = "StocksManager.Infrastructure", "StocksManager.Infrastructure\StocksManager.Infrastructure.csproj", "{6F5992EE-B6A2-459D-B5E4-2CAEAC5AAB3A}"
EndProject
Project("{FAE04EC0-301F-11D3-BF4B-00C04F79EFBC}") = "ContactsManager.ServiceTests", "ContactsManager.ServiceTests\ContactsManager.ServiceTests.csproj", "{90B918F2-E612-4F86-B920-7D3DF8F8EA9B}"
EndProject
Project("{FAE04EC0-301F-11D3-BF4B-00C04F79EFBC}") = "ContactManager.ControllerTests", "ContactManager.ControllerTests\ContactManager.ControllerTests.csproj", "{C2E36577-4D06-4943-8BC8-946A69B4D1CB}"
EndProject
Project("{FAE04EC0-301F-11D3-BF4B-00C04F79EFBC}") = "ContactManager.IntegrationTests", "ContactManager.IntegrationTests\ContactManager.IntegrationTests.csproj", "{03E1EAB4-D865-4C4B-8493-7080DEE4E3E9}"
EndProject
Global
	GlobalSection(SolutionConfigurationPlatforms) = preSolution
		Debug|Any CPU = Debug|Any CPU
		Release|Any CPU = Release|Any CPU
	EndGlobalSection
	GlobalSection(ProjectConfigurationPlatforms) = postSolution
		{BB96EE46-7880-4FBA-AEDF-1AAE223DEAAD}.Debug|Any CPU.ActiveCfg = Debug|Any CPU
		{BB96EE46-7880-4FBA-AEDF-1AAE223DEAAD}.Debug|Any CPU.Build.0 = Debug|Any CPU
		{BB96EE46-7880-4FBA-AEDF-1AAE223DEAAD}.Release|Any CPU.ActiveCfg = Release|Any CPU
		{BB96EE46-7880-4FBA-AEDF-1AAE223DEAAD}.Release|Any CPU.Build.0 = Release|Any CPU
		{76C894FB-0D3F-4A46-9BDA-F165658A56DE}.Debug|Any CPU.ActiveCfg = Debug|Any CPU
		{76C894FB-0D3F-4A46-9BDA-F165658A56DE}.Debug|Any CPU.Build.0 = Debug|Any CPU
		{76C894FB-0D3F-4A46-9BDA-F165658A56DE}.Release|Any CPU.ActiveCfg = Release|Any CPU
		{76C894FB-0D3F-4A46-9BDA-F165658A56DE}.Release|Any CPU.Build.0 = Release|Any CPU
		{6F5992EE-B6A2-459D-B5E4-2CAEAC5AAB3A}.Debug|Any CPU.ActiveCfg = Debug|Any CPU
		{6F5992EE-B6A2-459D-B5E4-2CAEAC5AAB3A}.Debug|Any CPU.Build.0 = Debug|Any CPU
		{6F5992EE-B6A2-459D-B5E4-2CAEAC5AAB3A}.Release|Any CPU.ActiveCfg = Release|Any CPU
		{6F5992EE-B6A2-459D-B5E4-2CAEAC5AAB3A}.Release|Any CPU.Build.0 = Release|Any CPU
		{90B918F2-E612-4F86-B920-7D3DF8F8EA9B}.Debug|Any CPU.ActiveCfg = Debug|Any CPU
		{90B918F2-E612-4F86-B920-7D3DF8F8EA9B}.Debug|Any CPU.Build.0 = Debug|Any CPU
		{90B918F2-E612-4F86-B920-7D3DF8F8EA9B}.Release|Any CPU.ActiveCfg = Release|Any CPU
		{90B918F2-E612-4F86-B920-7D3DF8F8EA9B}.Release|Any CPU.Build.0 = Release|Any CPU
		{C2E36577-4D06-4943-8BC8-946A69B4D1CB}.Debug|Any CPU.ActiveCfg = Debug|Any CPU
		{C2E36577-4D06-4943-8BC8-946A69B4D1CB}.Debug|Any CPU.Build.0 = Debug|Any CPU
		{C2E36577-4D06-4943-8BC8-946A69B4D1CB}.Release|Any CPU.ActiveCfg = Release|Any CPU
		{C2E36577-4D06-4943-8BC8-946A69B4D1CB}.Release|Any CPU.Build.0 = Release|Any CPU
		{03E1EAB4-D865-4C4B-8493-7080DEE4E3E9}.Debug|Any CPU.ActiveCfg = Debug|Any CPU
		{03E1EAB4-D865-4C4B-8493-7080DEE4E3E9}.Debug|Any CPU.Build.0 = Debug|Any CPU
		{03E1EAB4-D865-4C4B-8493-7080DEE4E3E9}.Release|Any CPU.ActiveCfg = Release|Any CPU
		{03E1EAB4-D865-4C4B-8493-7080DEE4E3E9}.Release|Any CPU.Build.0 = Release|Any CPU
	EndGlobalSection
	GlobalSection(SolutionProperties) = preSolution
		HideSolutionNode = FALSE
	EndGlobalSection
	GlobalSection(NestedProjects) = preSolution
		{BB96EE46-7880-4FBA-AEDF-1AAE223DEAAD} = {02EA681E-C7D8-13C7-8484-4AC65E1B71E8}
		{76C894FB-0D3F-4A46-9BDA-F165658A56DE} = {02EA681E-C7D8-13C7-8484-4AC65E1B71E8}
		{6F5992EE-B6A2-459D-B5E4-2CAEAC5AAB3A} = {02EA681E-C7D8-13C7-8484-4AC65E1B71E8}
		{90B918F2-E612-4F86-B920-7D3DF8F8EA9B} = {72F8F82B-EFC7-479A-981A-B2E065443FDC}
		{C2E36577-4D06-4943-8BC8-946A69B4D1CB} = {72F8F82B-EFC7-479A-981A-B2E065443FDC}
		{03E1EAB4-D865-4C4B-8493-7080DEE4E3E9} = {72F8F82B-EFC7-479A-981A-B2E065443FDC}
	EndGlobalSection
	GlobalSection(ExtensibilityGlobals) = postSolution
		SolutionGuid = {4465855B-6746-422F-95A2-7FF3C6B743AD}
	EndGlobalSection
EndGlobal
